
Microsoft Visual Studio Solution File, Format Version 12.00
# Visual Studio Version 16
VisualStudioVersion = 16.0.29806.167
MinimumVisualStudioVersion = 10.0.40219.1
Project("{FAE04EC0-301F-11D3-BF4B-00C04F79EFBC}") = "hw-06", "hw-06\hw-06.csproj", "{8D8AA3AE-7731-4F8E-BED7-7FB9917DF6FD}"
EndProject
Project("{FAE04EC0-301F-11D3-BF4B-00C04F79EFBC}") = "hw-07", "hw-07\hw-07.csproj", "{3DBA232D-FEB9-4BE6-81DF-D4B6F5E3181F}"
EndProject
Project("{FAE04EC0-301F-11D3-BF4B-00C04F79EFBC}") = "hw-08", "hw-08\hw-08.csproj", "{B61D467E-4C85-4686-954B-D35727A5B454}"
	ProjectSection(ProjectDependencies) = postProject
		{3DBA232D-FEB9-4BE6-81DF-D4B6F5E3181F} = {3DBA232D-FEB9-4BE6-81DF-D4B6F5E3181F}
	EndProjectSection
EndProject
Global
	GlobalSection(SolutionConfigurationPlatforms) = preSolution
		Debug|Any CPU = Debug|Any CPU
		Release|Any CPU = Release|Any CPU
	EndGlobalSection
	GlobalSection(ProjectConfigurationPlatforms) = postSolution
		{8D8AA3AE-7731-4F8E-BED7-7FB9917DF6FD}.Debug|Any CPU.ActiveCfg = Debug|Any CPU
		{8D8AA3AE-7731-4F8E-BED7-7FB9917DF6FD}.Debug|Any CPU.Build.0 = Debug|Any CPU
		{8D8AA3AE-7731-4F8E-BED7-7FB9917DF6FD}.Release|Any CPU.ActiveCfg = Release|Any CPU
		{8D8AA3AE-7731-4F8E-BED7-7FB9917DF6FD}.Release|Any CPU.Build.0 = Release|Any CPU
		{3DBA232D-FEB9-4BE6-81DF-D4B6F5E3181F}.Debug|Any CPU.ActiveCfg = Debug|Any CPU
		{3DBA232D-FEB9-4BE6-81DF-D4B6F5E3181F}.Debug|Any CPU.Build.0 = Debug|Any CPU
		{3DBA232D-FEB9-4BE6-81DF-D4B6F5E3181F}.Release|Any CPU.ActiveCfg = Release|Any CPU
		{3DBA232D-FEB9-4BE6-81DF-D4B6F5E3181F}.Release|Any CPU.Build.0 = Release|Any CPU
		{B61D467E-4C85-4686-954B-D35727A5B454}.Debug|Any CPU.ActiveCfg = Debug|Any CPU
		{B61D467E-4C85-4686-954B-D35727A5B454}.Debug|Any CPU.Build.0 = Debug|Any CPU
		{B61D467E-4C85-4686-954B-D35727A5B454}.Release|Any CPU.ActiveCfg = Release|Any CPU
		{B61D467E-4C85-4686-954B-D35727A5B454}.Release|Any CPU.Build.0 = Release|Any CPU
	EndGlobalSection
	GlobalSection(SolutionProperties) = preSolution
		HideSolutionNode = FALSE
	EndGlobalSection
	GlobalSection(ExtensibilityGlobals) = postSolution
		SolutionGuid = {A7205DDB-AE44-4FE5-A77E-2A7F8161CCDA}
	EndGlobalSection
EndGlobal
